
Microsoft Visual Studio Solution File, Format Version 12.00
# Visual Studio Version 16
VisualStudioVersion = 16.0.31702.278
MinimumVisualStudioVersion = 10.0.40219.1
Project("{2150E333-8FDC-42A3-9474-1A3956D46DE8}") = "Services", "Services", "{04B874D3-A8E2-4B14-A528-F8B294BDAEC1}"
EndProject
Project("{2150E333-8FDC-42A3-9474-1A3956D46DE8}") = "Exam", "Exam", "{E5D77A9F-B953-4199-B9B2-11D606E686D8}"
EndProject
Project("{9A19103F-16F7-4668-BE54-9A1E7A4F7556}") = "Exam.API", "Services\Exam\Exam.API\Exam.API.csproj", "{E2C85B7A-49C9-4F83-8DFF-A5BF42328530}"
EndProject
Project("{2150E333-8FDC-42A3-9474-1A3956D46DE8}") = "Question", "Question", "{F62E433B-2BBF-4BEB-B8E8-66ED939D772F}"
EndProject
Project("{9A19103F-16F7-4668-BE54-9A1E7A4F7556}") = "Question.API", "Services\Question\Question.API\Question.API.csproj", "{50552689-423D-4445-99C3-6558EBE36D85}"
EndProject
Project("{9A19103F-16F7-4668-BE54-9A1E7A4F7556}") = "Exam.Domain", "Services\Exam\Exam.Domain\Exam.Domain.csproj", "{6212D653-03CA-4EFB-AB5C-DE775CB0CF51}"
EndProject
Project("{9A19103F-16F7-4668-BE54-9A1E7A4F7556}") = "Exam.Infrastructure", "Services\Exam\Exam.Infrastructure\Exam.Infrastructure.csproj", "{08FF9833-4626-4AF7-8D58-C9D21B3A540F}"
EndProject
Project("{9A19103F-16F7-4668-BE54-9A1E7A4F7556}") = "Question.Domain", "Services\Question\Question.Domain\Question.Domain.csproj", "{835762E2-043C-428C-8DBE-B9A45F934094}"
EndProject
Project("{9A19103F-16F7-4668-BE54-9A1E7A4F7556}") = "Question.Infrastructure", "Services\Question\Question.Infrastructure\Question.Infrastructure.csproj", "{5B78BB15-FEBC-4D07-8B6C-2A84F44209C4}"
EndProject
Project("{2150E333-8FDC-42A3-9474-1A3956D46DE8}") = "BuildingBlocks", "BuildingBlocks", "{A2064766-F417-4038-9198-482AD6551C15}"
EndProject
Project("{2150E333-8FDC-42A3-9474-1A3956D46DE8}") = "EventBus", "EventBus", "{594D575D-E0A2-4116-828D-B1D873E9C62D}"
EndProject
Project("{9A19103F-16F7-4668-BE54-9A1E7A4F7556}") = "EventBus", "EventBus\EventBus.csproj", "{E7E712E7-5B68-45BD-9184-D7364F8B3637}"
EndProject
Project("{E53339B2-1760-4266-BCC7-CA923CBCF16C}") = "docker-compose", "docker-compose.dcproj", "{8A07A820-6228-475B-A980-8FC45B4C938A}"
EndProject
Project("{2150E333-8FDC-42A3-9474-1A3956D46DE8}") = "Report", "Report", "{546D6F6C-47FE-4E0C-8BC7-ED13ECBF2B51}"
EndProject
Project("{9A19103F-16F7-4668-BE54-9A1E7A4F7556}") = "Report.Domain", "Services\Report\Report.Domain\Report.Domain.csproj", "{55DEA91C-D69F-48C5-A379-84BDE4E73146}"
EndProject
Project("{9A19103F-16F7-4668-BE54-9A1E7A4F7556}") = "Report.Infrastructure", "Services\Report\Report.Infrastructure\Report.Infrastructure.csproj", "{34CC960A-17C4-4420-8643-DD477667B01E}"
EndProject
Project("{2150E333-8FDC-42A3-9474-1A3956D46DE8}") = "User", "User", "{BCC97EF3-A76C-43FC-8C46-4C39E80A183A}"
EndProject
Project("{9A19103F-16F7-4668-BE54-9A1E7A4F7556}") = "UserService", "Services\User\UserService\UserService.csproj", "{F218888B-F445-4191-B5E1-34483AD6F27D}"
EndProject
Global
	GlobalSection(SolutionConfigurationPlatforms) = preSolution
		Debug|Any CPU = Debug|Any CPU
		Release|Any CPU = Release|Any CPU
	EndGlobalSection
	GlobalSection(ProjectConfigurationPlatforms) = postSolution
		{E2C85B7A-49C9-4F83-8DFF-A5BF42328530}.Debug|Any CPU.ActiveCfg = Debug|Any CPU
		{E2C85B7A-49C9-4F83-8DFF-A5BF42328530}.Debug|Any CPU.Build.0 = Debug|Any CPU
		{E2C85B7A-49C9-4F83-8DFF-A5BF42328530}.Release|Any CPU.ActiveCfg = Release|Any CPU
		{E2C85B7A-49C9-4F83-8DFF-A5BF42328530}.Release|Any CPU.Build.0 = Release|Any CPU
		{50552689-423D-4445-99C3-6558EBE36D85}.Debug|Any CPU.ActiveCfg = Debug|Any CPU
		{50552689-423D-4445-99C3-6558EBE36D85}.Debug|Any CPU.Build.0 = Debug|Any CPU
		{50552689-423D-4445-99C3-6558EBE36D85}.Release|Any CPU.ActiveCfg = Release|Any CPU
		{50552689-423D-4445-99C3-6558EBE36D85}.Release|Any CPU.Build.0 = Release|Any CPU
		{6212D653-03CA-4EFB-AB5C-DE775CB0CF51}.Debug|Any CPU.ActiveCfg = Debug|Any CPU
		{6212D653-03CA-4EFB-AB5C-DE775CB0CF51}.Debug|Any CPU.Build.0 = Debug|Any CPU
		{6212D653-03CA-4EFB-AB5C-DE775CB0CF51}.Release|Any CPU.ActiveCfg = Release|Any CPU
		{6212D653-03CA-4EFB-AB5C-DE775CB0CF51}.Release|Any CPU.Build.0 = Release|Any CPU
		{08FF9833-4626-4AF7-8D58-C9D21B3A540F}.Debug|Any CPU.ActiveCfg = Debug|Any CPU
		{08FF9833-4626-4AF7-8D58-C9D21B3A540F}.Debug|Any CPU.Build.0 = Debug|Any CPU
		{08FF9833-4626-4AF7-8D58-C9D21B3A540F}.Release|Any CPU.ActiveCfg = Release|Any CPU
		{08FF9833-4626-4AF7-8D58-C9D21B3A540F}.Release|Any CPU.Build.0 = Release|Any CPU
		{835762E2-043C-428C-8DBE-B9A45F934094}.Debug|Any CPU.ActiveCfg = Debug|Any CPU
		{835762E2-043C-428C-8DBE-B9A45F934094}.Debug|Any CPU.Build.0 = Debug|Any CPU
		{835762E2-043C-428C-8DBE-B9A45F934094}.Release|Any CPU.ActiveCfg = Release|Any CPU
		{835762E2-043C-428C-8DBE-B9A45F934094}.Release|Any CPU.Build.0 = Release|Any CPU
		{5B78BB15-FEBC-4D07-8B6C-2A84F44209C4}.Debug|Any CPU.ActiveCfg = Debug|Any CPU
		{5B78BB15-FEBC-4D07-8B6C-2A84F44209C4}.Debug|Any CPU.Build.0 = Debug|Any CPU
		{5B78BB15-FEBC-4D07-8B6C-2A84F44209C4}.Release|Any CPU.ActiveCfg = Release|Any CPU
		{5B78BB15-FEBC-4D07-8B6C-2A84F44209C4}.Release|Any CPU.Build.0 = Release|Any CPU
		{E7E712E7-5B68-45BD-9184-D7364F8B3637}.Debug|Any CPU.ActiveCfg = Debug|Any CPU
		{E7E712E7-5B68-45BD-9184-D7364F8B3637}.Debug|Any CPU.Build.0 = Debug|Any CPU
		{E7E712E7-5B68-45BD-9184-D7364F8B3637}.Release|Any CPU.ActiveCfg = Release|Any CPU
		{E7E712E7-5B68-45BD-9184-D7364F8B3637}.Release|Any CPU.Build.0 = Release|Any CPU
		{8A07A820-6228-475B-A980-8FC45B4C938A}.Debug|Any CPU.ActiveCfg = Debug|Any CPU
		{8A07A820-6228-475B-A980-8FC45B4C938A}.Debug|Any CPU.Build.0 = Debug|Any CPU
		{8A07A820-6228-475B-A980-8FC45B4C938A}.Release|Any CPU.ActiveCfg = Release|Any CPU
		{8A07A820-6228-475B-A980-8FC45B4C938A}.Release|Any CPU.Build.0 = Release|Any CPU
		{55DEA91C-D69F-48C5-A379-84BDE4E73146}.Debug|Any CPU.ActiveCfg = Debug|Any CPU
		{55DEA91C-D69F-48C5-A379-84BDE4E73146}.Debug|Any CPU.Build.0 = Debug|Any CPU
		{55DEA91C-D69F-48C5-A379-84BDE4E73146}.Release|Any CPU.ActiveCfg = Release|Any CPU
		{55DEA91C-D69F-48C5-A379-84BDE4E73146}.Release|Any CPU.Build.0 = Release|Any CPU
		{34CC960A-17C4-4420-8643-DD477667B01E}.Debug|Any CPU.ActiveCfg = Debug|Any CPU
		{34CC960A-17C4-4420-8643-DD477667B01E}.Debug|Any CPU.Build.0 = Debug|Any CPU
		{34CC960A-17C4-4420-8643-DD477667B01E}.Release|Any CPU.ActiveCfg = Release|Any CPU
		{34CC960A-17C4-4420-8643-DD477667B01E}.Release|Any CPU.Build.0 = Release|Any CPU
		{F218888B-F445-4191-B5E1-34483AD6F27D}.Debug|Any CPU.ActiveCfg = Debug|Any CPU
		{F218888B-F445-4191-B5E1-34483AD6F27D}.Debug|Any CPU.Build.0 = Debug|Any CPU
		{F218888B-F445-4191-B5E1-34483AD6F27D}.Release|Any CPU.ActiveCfg = Release|Any CPU
		{F218888B-F445-4191-B5E1-34483AD6F27D}.Release|Any CPU.Build.0 = Release|Any CPU
	EndGlobalSection
	GlobalSection(SolutionProperties) = preSolution
		HideSolutionNode = FALSE
	EndGlobalSection
	GlobalSection(NestedProjects) = preSolution
		{E5D77A9F-B953-4199-B9B2-11D606E686D8} = {04B874D3-A8E2-4B14-A528-F8B294BDAEC1}
		{E2C85B7A-49C9-4F83-8DFF-A5BF42328530} = {E5D77A9F-B953-4199-B9B2-11D606E686D8}
		{F62E433B-2BBF-4BEB-B8E8-66ED939D772F} = {04B874D3-A8E2-4B14-A528-F8B294BDAEC1}
		{50552689-423D-4445-99C3-6558EBE36D85} = {F62E433B-2BBF-4BEB-B8E8-66ED939D772F}
		{6212D653-03CA-4EFB-AB5C-DE775CB0CF51} = {E5D77A9F-B953-4199-B9B2-11D606E686D8}
		{08FF9833-4626-4AF7-8D58-C9D21B3A540F} = {E5D77A9F-B953-4199-B9B2-11D606E686D8}
		{835762E2-043C-428C-8DBE-B9A45F934094} = {F62E433B-2BBF-4BEB-B8E8-66ED939D772F}
		{5B78BB15-FEBC-4D07-8B6C-2A84F44209C4} = {F62E433B-2BBF-4BEB-B8E8-66ED939D772F}
		{594D575D-E0A2-4116-828D-B1D873E9C62D} = {A2064766-F417-4038-9198-482AD6551C15}
		{E7E712E7-5B68-45BD-9184-D7364F8B3637} = {594D575D-E0A2-4116-828D-B1D873E9C62D}
		{546D6F6C-47FE-4E0C-8BC7-ED13ECBF2B51} = {04B874D3-A8E2-4B14-A528-F8B294BDAEC1}
		{55DEA91C-D69F-48C5-A379-84BDE4E73146} = {546D6F6C-47FE-4E0C-8BC7-ED13ECBF2B51}
		{34CC960A-17C4-4420-8643-DD477667B01E} = {546D6F6C-47FE-4E0C-8BC7-ED13ECBF2B51}
		{BCC97EF3-A76C-43FC-8C46-4C39E80A183A} = {04B874D3-A8E2-4B14-A528-F8B294BDAEC1}
		{F218888B-F445-4191-B5E1-34483AD6F27D} = {BCC97EF3-A76C-43FC-8C46-4C39E80A183A}
	EndGlobalSection
	GlobalSection(ExtensibilityGlobals) = postSolution
		SolutionGuid = {195F089A-F582-4464-BB82-1CDD1BD9D1FF}
	EndGlobalSection
EndGlobal
