
Microsoft Visual Studio Solution File, Format Version 12.00
# Visual Studio Version 16
VisualStudioVersion = 16.0.31702.278
MinimumVisualStudioVersion = 10.0.40219.1
Project("{2150E333-8FDC-42A3-9474-1A3956D46DE8}") = "Services", "Services", "{04B874D3-A8E2-4B14-A528-F8B294BDAEC1}"
EndProject
Project("{2150E333-8FDC-42A3-9474-1A3956D46DE8}") = "Exam", "Exam", "{E5D77A9F-B953-4199-B9B2-11D606E686D8}"
EndProject
Project("{FAE04EC0-301F-11D3-BF4B-00C04F79EFBC}") = "Exam.API", "Services\Exam\Exam.API\Exam.API.csproj", "{E2C85B7A-49C9-4F83-8DFF-A5BF42328530}"
EndProject
Global
	GlobalSection(SolutionConfigurationPlatforms) = preSolution
		Debug|Any CPU = Debug|Any CPU
		Release|Any CPU = Release|Any CPU
	EndGlobalSection
	GlobalSection(ProjectConfigurationPlatforms) = postSolution
		{E2C85B7A-49C9-4F83-8DFF-A5BF42328530}.Debug|Any CPU.ActiveCfg = Debug|Any CPU
		{E2C85B7A-49C9-4F83-8DFF-A5BF42328530}.Debug|Any CPU.Build.0 = Debug|Any CPU
		{E2C85B7A-49C9-4F83-8DFF-A5BF42328530}.Release|Any CPU.ActiveCfg = Release|Any CPU
		{E2C85B7A-49C9-4F83-8DFF-A5BF42328530}.Release|Any CPU.Build.0 = Release|Any CPU
	EndGlobalSection
	GlobalSection(SolutionProperties) = preSolution
		HideSolutionNode = FALSE
	EndGlobalSection
	GlobalSection(NestedProjects) = preSolution
		{E5D77A9F-B953-4199-B9B2-11D606E686D8} = {04B874D3-A8E2-4B14-A528-F8B294BDAEC1}
		{E2C85B7A-49C9-4F83-8DFF-A5BF42328530} = {E5D77A9F-B953-4199-B9B2-11D606E686D8}
	EndGlobalSection
	GlobalSection(ExtensibilityGlobals) = postSolution
		SolutionGuid = {195F089A-F582-4464-BB82-1CDD1BD9D1FF}
	EndGlobalSection
EndGlobal
